
Microsoft Visual Studio Solution File, Format Version 12.00
# Visual Studio Version 17
VisualStudioVersion = 17.3.32819.101
MinimumVisualStudioVersion = 10.0.40219.1
Project("{FAE04EC0-301F-11D3-BF4B-00C04F79EFBC}") = "WebAPI1-MSI", "WebAPI1-MSI\WebAPI1-MSI.csproj", "{301E313F-87B8-44C8-A764-7D8127680AA5}"
EndProject
Project("{FAE04EC0-301F-11D3-BF4B-00C04F79EFBC}") = "WebAPI2", "WebAPI2\WebAPI2.csproj", "{31CD7B50-83A2-4C54-825A-5D964A83E39D}"
EndProject
Global
	GlobalSection(SolutionConfigurationPlatforms) = preSolution
		Debug|Any CPU = Debug|Any CPU
		Release|Any CPU = Release|Any CPU
	EndGlobalSection
	GlobalSection(ProjectConfigurationPlatforms) = postSolution
		{301E313F-87B8-44C8-A764-7D8127680AA5}.Debug|Any CPU.ActiveCfg = Debug|Any CPU
		{301E313F-87B8-44C8-A764-7D8127680AA5}.Debug|Any CPU.Build.0 = Debug|Any CPU
		{301E313F-87B8-44C8-A764-7D8127680AA5}.Release|Any CPU.ActiveCfg = Release|Any CPU
		{301E313F-87B8-44C8-A764-7D8127680AA5}.Release|Any CPU.Build.0 = Release|Any CPU
		{31CD7B50-83A2-4C54-825A-5D964A83E39D}.Debug|Any CPU.ActiveCfg = Debug|Any CPU
		{31CD7B50-83A2-4C54-825A-5D964A83E39D}.Debug|Any CPU.Build.0 = Debug|Any CPU
		{31CD7B50-83A2-4C54-825A-5D964A83E39D}.Release|Any CPU.ActiveCfg = Release|Any CPU
		{31CD7B50-83A2-4C54-825A-5D964A83E39D}.Release|Any CPU.Build.0 = Release|Any CPU
	EndGlobalSection
	GlobalSection(SolutionProperties) = preSolution
		HideSolutionNode = FALSE
	EndGlobalSection
	GlobalSection(ExtensibilityGlobals) = postSolution
		SolutionGuid = {2BF24BC3-453F-404C-934F-6B44C1906CDB}
	EndGlobalSection
EndGlobal
